// !$*UTF8*$!
{
	archiveVersion = 1;
	classes = {
	};
	objectVersion = 46;
	objects = {
		BBAB2B4BF7F60701B7C90AB2 = {
			isa = PBXBuildFile;
			fileRef = 2D0B1CDC3B799FB18A9818CB;
		};
		8E8DB224A00CB23288C84B86 = {
			isa = PBXBuildFile;
			fileRef = 50D49238894CAF189BA50A40;
		};
		8558A50779080E5ABC9D9E1D = {
			isa = PBXBuildFile;
			fileRef = 1A2729FDFD17E8A9C06EC758;
		};
		D83251C86DC24654C79F1BAB = {
			isa = PBXBuildFile;
			fileRef = 4D1987DD5BC6D320A3289A6C;
		};
		60BF3C26CE2AB4CBECFCCBB4 = {
			isa = PBXBuildFile;
			fileRef = C09756BA58606C7AD39FA317;
		};
		472BA217B80283C22FB52203 = {
			isa = PBXBuildFile;
			fileRef = BE27D38248A3F08D34ED381B;
		};
		A413AAE6A80792253FBAB56C = {
			isa = PBXBuildFile;
			fileRef = 56EEE918C24937ACDE861E95;
		};
		A507C35688F9C9B906DFE670 = {
			isa = PBXBuildFile;
			fileRef = 6E9B9F359A9653593BA8ADC2;
		};
		F295858A2AB2F4055078B57C = {
			isa = PBXBuildFile;
			fileRef = E4D0A33E48F0E8B2B0CD2A51;
		};
		1F8366C6E03406E62F45EA24 = {
			isa = PBXBuildFile;
			fileRef = 1A588D7C0BBF49C6F47EB20A;
		};
		B1723A94B7D43828BDA9F558 = {
			isa = PBXBuildFile;
			fileRef = FE6AF12A68AE7B4586EAF924;
		};
		A18F0DA4DB18D0FCC4BAEBA8 = {
			isa = PBXBuildFile;
			fileRef = 45D84FD84634499CE9D12B07;
		};
		FEC068F534E7EAF82E32069A = {
			isa = PBXBuildFile;
			fileRef = 2CC7DCE65C2A6901DD0314D1;
		};
		DC7178BFF1B76E099A576DF2 = {
			isa = PBXBuildFile;
			fileRef = 00FD4C49F4B8306BD96E1766;
		};
		FE7D4CCD7D5A73306B3281B9 = {
			isa = PBXBuildFile;
			fileRef = 54244AA34D45EC2A8785F18A;
		};
		04071B70E97C60C86D2ACE29 = {
			isa = PBXBuildFile;
			fileRef = 8110201E30ECC0D705AF9548;
		};
		128D3D85E28F413FF25586D3 = {
			isa = PBXBuildFile;
			fileRef = AA9C0C3982C295B9ECF932EA;
		};
		F28702E30D5246B746D0977F = {
			isa = PBXBuildFile;
			fileRef = 39C97181954D921AD4615802;
		};
		88C505FD551AA322ACB81B0B = {
			isa = PBXBuildFile;
			fileRef = C7E203D5164D96FCBB391C69;
		};
		217370B3D6F4B5AFEF4F139D = {
			isa = PBXBuildFile;
			fileRef = 08DB379DD5071B9FD384BCB1;
		};
		44AE60C6ACF0CDCC851E9C41 = {
			isa = PBXBuildFile;
			fileRef = 39AF6F3E888DB86D6C6C3370;
		};
		6F3BD70A5D25D096012099A1 = {
			isa = PBXBuildFile;
			fileRef = 0461780ED91AAC358C8A973B;
		};
		5496275572DD2CF1D3726D5B = {
			isa = PBXBuildFile;
			fileRef = FDF4638F51C380AF4FB71A31;
		};
		CAFD37655390EAAE4A9DA95D = {
			isa = PBXBuildFile;
			fileRef = 63627C85BE0C10613FA209D4;
		};
		E3293CA1BD7ACF27EE6323FA = {
			isa = PBXBuildFile;
			fileRef = 0680B53CA2EA231C4CA40452;
		};
		2113C5E7FA2C744DE691B944 = {
			isa = PBXBuildFile;
			fileRef = 79F19FA39195490324571232;
		};
		8AB07B521683AFFEDE358520 = {
			isa = PBXBuildFile;
			fileRef = 7832A9C0734DDC778E618229;
		};
		D4DE51296EA9AA711603BC39 = {
			isa = PBXBuildFile;
			fileRef = 53B871B5E636D6146A9DE487;
		};
		7621692862DABF0B28F4EA9F = {
			isa = PBXBuildFile;
			fileRef = 29EF206F6074CE2F52917465;
		};
		3E618FA818AB87FC7AD33392 = {
			isa = PBXBuildFile;
			fileRef = 37A330361F974D29F42B68A3;
		};
		493ADA042863EE5AE651AD72 = {
			isa = PBXBuildFile;
			fileRef = A69885C1F0F36B334607A859;
		};
		37A3F0FB3F97629D5177AD95 = {
			isa = PBXBuildFile;
			fileRef = F4E21525B8BCD1F09B1ACD5E;
		};
		F9946ECBE0952473DFA0DF9C = {
			isa = PBXBuildFile;
			fileRef = 0F1A78B9A5CA730D2C775E53;
		};
		F75158083E82ED9A648028BF = {
			isa = PBXBuildFile;
			fileRef = F0BE0CB600220D50B023AD14;
		};
		46C0CD99796A0A49B678D56C = {
			isa = PBXBuildFile;
			fileRef = B38745F76B56FFC4A633E1E1;
		};
		F2742139A22706C7D5C08471 = {
			isa = PBXBuildFile;
			fileRef = C07FE35EBF1DA2274FA87999;
		};
		EE01B49D222854776270ED03 = {
			isa = PBXBuildFile;
			fileRef = 65B8A680D8C37E80A09F8EF4;
		};
		A5D93B433714F97A61C42D85 = {
			isa = PBXBuildFile;
			fileRef = 5D62D4163471AA80C9961A7F;
		};
		058BF4C70C5DE29413CFCC37 = {
			isa = PBXBuildFile;
			fileRef = 9B54ED8C0FAF67868AA1DB15;
		};
		00FD4C49F4B8306BD96E1766 = {
			isa = PBXFileReference;
			lastKnownFileType = sourcecode.cpp.cpp;
			name = Metronome.cpp;
			path = ../../Source/Metronome.cpp;
			sourceTree = "SOURCE_ROOT";
		};
		0461780ED91AAC358C8A973B = {
			isa = PBXFileReference;
			lastKnownFileType = sourcecode.cpp.objcpp;
			name = "include_juce_audio_formats 2.mm";
			path = "../../JuceLibraryCode/include_juce_audio_formats 2.mm";
			sourceTree = "SOURCE_ROOT";
		};
		0680B53CA2EA231C4CA40452 = {
			isa = PBXFileReference;
			lastKnownFileType = sourcecode.cpp.objcpp;
			name = "include_juce_audio_processors.mm";
			path = "../../JuceLibraryCode/include_juce_audio_processors.mm";
			sourceTree = "SOURCE_ROOT";
		};
		08DB379DD5071B9FD384BCB1 = {
			isa = PBXFileReference;
			lastKnownFileType = sourcecode.cpp.objcpp;
			name = "include_juce_audio_devices 2.mm";
			path = "../../JuceLibraryCode/include_juce_audio_devices 2.mm";
			sourceTree = "SOURCE_ROOT";
		};
		0F1A78B9A5CA730D2C775E53 = {
			isa = PBXFileReference;
			lastKnownFileType = sourcecode.cpp.objcpp;
			name = "include_juce_events.mm";
			path = "../../JuceLibraryCode/include_juce_events.mm";
			sourceTree = "SOURCE_ROOT";
		};
		1A2729FDFD17E8A9C06EC758 = {
			isa = PBXFileReference;
			lastKnownFileType = wrapper.framework;
			name = AudioToolbox.framework;
			path = System/Library/Frameworks/AudioToolbox.framework;
			sourceTree = SDKROOT;
		};
		1A588D7C0BBF49C6F47EB20A = {
			isa = PBXFileReference;
			lastKnownFileType = wrapper.framework;
			name = IOKit.framework;
			path = System/Library/Frameworks/IOKit.framework;
			sourceTree = SDKROOT;
		};
		23B067B0177333360596EBF0 = {
			isa = PBXFileReference;
			lastKnownFileType = file;
			name = "juce_audio_formats";
			path = "/Users/walterkopacz/Desktop/JUCE/modules/juce_audio_formats";
			sourceTree = "<absolute>";
		};
		29EF206F6074CE2F52917465 = {
			isa = PBXFileReference;
			lastKnownFileType = sourcecode.cpp.objcpp;
			name = "include_juce_core.mm";
			path = "../../JuceLibraryCode/include_juce_core.mm";
			sourceTree = "SOURCE_ROOT";
		};
		2CC7DCE65C2A6901DD0314D1 = {
			isa = PBXFileReference;
			lastKnownFileType = file.nib;
			name = RecentFilesMenuTemplate.nib;
			path = RecentFilesMenuTemplate.nib;
			sourceTree = "SOURCE_ROOT";
		};
		2D0B1CDC3B799FB18A9818CB = {
			isa = PBXFileReference;
			explicitFileType = wrapper.application;
			includeInIndex = 0;
			path = "RecorderAttempt_2.app";
			sourceTree = "BUILT_PRODUCTS_DIR";
		};
		2FC2D40BCFE4BA7E55F92414 = {
			isa = PBXFileReference;
			lastKnownFileType = file;
			name = "juce_events";
			path = "/Users/walterkopacz/Desktop/JUCE/modules/juce_events";
			sourceTree = "<absolute>";
		};
		356B3A35AD5A0F6D5E940A76 = {
			isa = PBXFileReference;
			lastKnownFileType = file;
			name = "juce_core";
			path = "/Users/walterkopacz/Desktop/JUCE/modules/juce_core";
			sourceTree = "<absolute>";
		};
		37A330361F974D29F42B68A3 = {
			isa = PBXFileReference;
			lastKnownFileType = sourcecode.cpp.objcpp;
			name = "include_juce_data_structures 2.mm";
			path = "../../JuceLibraryCode/include_juce_data_structures 2.mm";
			sourceTree = "SOURCE_ROOT";
		};
		39AF6F3E888DB86D6C6C3370 = {
			isa = PBXFileReference;
			lastKnownFileType = sourcecode.cpp.objcpp;
			name = "include_juce_audio_devices.mm";
			path = "../../JuceLibraryCode/include_juce_audio_devices.mm";
			sourceTree = "SOURCE_ROOT";
		};
		39C97181954D921AD4615802 = {
			isa = PBXFileReference;
			lastKnownFileType = sourcecode.cpp.objcpp;
			name = "include_juce_audio_basics 2.mm";
			path = "../../JuceLibraryCode/include_juce_audio_basics 2.mm";
			sourceTree = "SOURCE_ROOT";
		};
		3CC337110E8F9D5AD2FAF64A = {
			isa = PBXFileReference;
			lastKnownFileType = sourcecode.c.h;
			name = Metronome.h;
			path = ../../Source/Metronome.h;
			sourceTree = "SOURCE_ROOT";
		};
		45D84FD84634499CE9D12B07 = {
			isa = PBXFileReference;
			lastKnownFileType = wrapper.framework;
			name = WebKit.framework;
			path = System/Library/Frameworks/WebKit.framework;
			sourceTree = SDKROOT;
		};
		489FAE001B3BF2FE18A5A581 = {
			isa = PBXFileReference;
			lastKnownFileType = file;
			name = "juce_gui_extra";
			path = "/Users/walterkopacz/Desktop/JUCE/modules/juce_gui_extra";
			sourceTree = "<absolute>";
		};
		4D1987DD5BC6D320A3289A6C = {
			isa = PBXFileReference;
			lastKnownFileType = wrapper.framework;
			name = Carbon.framework;
			path = System/Library/Frameworks/Carbon.framework;
			sourceTree = SDKROOT;
		};
		50D49238894CAF189BA50A40 = {
			isa = PBXFileReference;
			lastKnownFileType = wrapper.framework;
			name = Accelerate.framework;
			path = System/Library/Frameworks/Accelerate.framework;
			sourceTree = SDKROOT;
		};
		53B871B5E636D6146A9DE487 = {
			isa = PBXFileReference;
			lastKnownFileType = sourcecode.cpp.objcpp;
			name = "include_juce_core 2.mm";
			path = "../../JuceLibraryCode/include_juce_core 2.mm";
			sourceTree = "SOURCE_ROOT";
		};
		54244AA34D45EC2A8785F18A = {
			isa = PBXFileReference;
			lastKnownFileType = sourcecode.cpp.cpp;
			name = recordAudio.cpp;
			path = ../../Source/recordAudio.cpp;
			sourceTree = "SOURCE_ROOT";
		};
		56878876CF7794CE104F5E5A = {
			isa = PBXFileReference;
			lastKnownFileType = sourcecode.c.h;
			name = MainComponent.h;
			path = ../../Source/MainComponent.h;
			sourceTree = "SOURCE_ROOT";
		};
		56EEE918C24937ACDE861E95 = {
			isa = PBXFileReference;
			lastKnownFileType = wrapper.framework;
			name = CoreAudioKit.framework;
			path = System/Library/Frameworks/CoreAudioKit.framework;
			sourceTree = SDKROOT;
		};
		5D62D4163471AA80C9961A7F = {
			isa = PBXFileReference;
			lastKnownFileType = sourcecode.cpp.objcpp;
			name = "include_juce_gui_extra 2.mm";
			path = "../../JuceLibraryCode/include_juce_gui_extra 2.mm";
			sourceTree = "SOURCE_ROOT";
		};
		608A47D6F244BC1512BC96BB = {
			isa = PBXFileReference;
			lastKnownFileType = file;
			name = "juce_graphics";
			path = "/Users/walterkopacz/Desktop/JUCE/modules/juce_graphics";
			sourceTree = "<absolute>";
		};
		63627C85BE0C10613FA209D4 = {
			isa = PBXFileReference;
			lastKnownFileType = sourcecode.cpp.objcpp;
			name = "include_juce_audio_processors 2.mm";
			path = "../../JuceLibraryCode/include_juce_audio_processors 2.mm";
			sourceTree = "SOURCE_ROOT";
		};
		65B8A680D8C37E80A09F8EF4 = {
			isa = PBXFileReference;
			lastKnownFileType = sourcecode.cpp.objcpp;
			name = "include_juce_gui_basics.mm";
			path = "../../JuceLibraryCode/include_juce_gui_basics.mm";
			sourceTree = "SOURCE_ROOT";
		};
		6E9B9F359A9653593BA8ADC2 = {
			isa = PBXFileReference;
			lastKnownFileType = wrapper.framework;
			name = CoreMIDI.framework;
			path = System/Library/Frameworks/CoreMIDI.framework;
			sourceTree = SDKROOT;
		};
		70C275E03A0AFB51350D7D37 = {
			isa = PBXFileReference;
			lastKnownFileType = file;
			name = "juce_audio_processors";
			path = "/Users/walterkopacz/Desktop/JUCE/modules/juce_audio_processors";
			sourceTree = "<absolute>";
		};
		7832A9C0734DDC778E618229 = {
			isa = PBXFileReference;
			lastKnownFileType = sourcecode.cpp.objcpp;
			name = "include_juce_audio_utils.mm";
			path = "../../JuceLibraryCode/include_juce_audio_utils.mm";
			sourceTree = "SOURCE_ROOT";
		};
		79F19FA39195490324571232 = {
			isa = PBXFileReference;
			lastKnownFileType = sourcecode.cpp.objcpp;
			name = "include_juce_audio_utils 2.mm";
			path = "../../JuceLibraryCode/include_juce_audio_utils 2.mm";
			sourceTree = "SOURCE_ROOT";
		};
		7F4BE064207F1F8F956D981F = {
			isa = PBXFileReference;
			lastKnownFileType = file;
			name = "juce_audio_basics";
			path = "/Users/walterkopacz/Desktop/JUCE/modules/juce_audio_basics";
			sourceTree = "<absolute>";
		};
		7FA53CC96FEE24FB3D5113C5 = {
			isa = PBXFileReference;
			lastKnownFileType = sourcecode.c.h;
			name = recordAudio.h;
			path = ../../Source/recordAudio.h;
			sourceTree = "SOURCE_ROOT";
		};
		8110201E30ECC0D705AF9548 = {
			isa = PBXFileReference;
			lastKnownFileType = sourcecode.cpp.cpp;
			name = Main.cpp;
			path = ../../Source/Main.cpp;
			sourceTree = "SOURCE_ROOT";
		};
		999B97DB6CB996C1E43F435E = {
			isa = PBXFileReference;
			lastKnownFileType = file;
			name = "juce_audio_devices";
			path = "/Users/walterkopacz/Desktop/JUCE/modules/juce_audio_devices";
			sourceTree = "<absolute>";
		};
		9B54ED8C0FAF67868AA1DB15 = {
			isa = PBXFileReference;
			lastKnownFileType = sourcecode.cpp.objcpp;
			name = "include_juce_gui_extra.mm";
			path = "../../JuceLibraryCode/include_juce_gui_extra.mm";
			sourceTree = "SOURCE_ROOT";
		};
		9C97EFAB98B796AF757F90EE = {
			isa = PBXFileReference;
			lastKnownFileType = text.plist.xml;
			name = "Info-App.plist";
			path = "Info-App.plist";
			sourceTree = "SOURCE_ROOT";
		};
		A69885C1F0F36B334607A859 = {
			isa = PBXFileReference;
			lastKnownFileType = sourcecode.cpp.objcpp;
			name = "include_juce_data_structures.mm";
			path = "../../JuceLibraryCode/include_juce_data_structures.mm";
			sourceTree = "SOURCE_ROOT";
		};
		AA9C0C3982C295B9ECF932EA = {
			isa = PBXFileReference;
			lastKnownFileType = sourcecode.cpp.cpp;
			name = MainComponent.cpp;
			path = ../../Source/MainComponent.cpp;
			sourceTree = "SOURCE_ROOT";
		};
		B38745F76B56FFC4A633E1E1 = {
			isa = PBXFileReference;
			lastKnownFileType = sourcecode.cpp.objcpp;
			name = "include_juce_graphics.mm";
			path = "../../JuceLibraryCode/include_juce_graphics.mm";
			sourceTree = "SOURCE_ROOT";
		};
		BE27D38248A3F08D34ED381B = {
			isa = PBXFileReference;
			lastKnownFileType = wrapper.framework;
			name = CoreAudio.framework;
			path = System/Library/Frameworks/CoreAudio.framework;
			sourceTree = SDKROOT;
		};
		C07FE35EBF1DA2274FA87999 = {
			isa = PBXFileReference;
			lastKnownFileType = sourcecode.cpp.objcpp;
			name = "include_juce_gui_basics 2.mm";
			path = "../../JuceLibraryCode/include_juce_gui_basics 2.mm";
			sourceTree = "SOURCE_ROOT";
		};
		C09756BA58606C7AD39FA317 = {
			isa = PBXFileReference;
			lastKnownFileType = wrapper.framework;
			name = Cocoa.framework;
			path = System/Library/Frameworks/Cocoa.framework;
			sourceTree = SDKROOT;
		};
		C3F8193F002CD0FEB10D4417 = {
			isa = PBXFileReference;
			lastKnownFileType = sourcecode.c.h;
			name = JuceHeader.h;
			path = ../../JuceLibraryCode/JuceHeader.h;
			sourceTree = "SOURCE_ROOT";
		};
		C7E203D5164D96FCBB391C69 = {
			isa = PBXFileReference;
			lastKnownFileType = sourcecode.cpp.objcpp;
			name = "include_juce_audio_basics.mm";
			path = "../../JuceLibraryCode/include_juce_audio_basics.mm";
			sourceTree = "SOURCE_ROOT";
		};
		D11B8320817816A259CF3BFA = {
			isa = PBXFileReference;
			lastKnownFileType = file;
			name = "juce_audio_utils";
			path = "/Users/walterkopacz/Desktop/JUCE/modules/juce_audio_utils";
			sourceTree = "<absolute>";
		};
		DD0D343C414A3F2974670FF9 = {
			isa = PBXFileReference;
			lastKnownFileType = file;
			name = "juce_data_structures";
			path = "/Users/walterkopacz/Desktop/JUCE/modules/juce_data_structures";
			sourceTree = "<absolute>";
		};
		E4D0A33E48F0E8B2B0CD2A51 = {
			isa = PBXFileReference;
			lastKnownFileType = wrapper.framework;
			name = DiscRecording.framework;
			path = System/Library/Frameworks/DiscRecording.framework;
			sourceTree = SDKROOT;
		};
		F0BE0CB600220D50B023AD14 = {
			isa = PBXFileReference;
			lastKnownFileType = sourcecode.cpp.objcpp;
			name = "include_juce_graphics 2.mm";
			path = "../../JuceLibraryCode/include_juce_graphics 2.mm";
			sourceTree = "SOURCE_ROOT";
		};
		F4E21525B8BCD1F09B1ACD5E = {
			isa = PBXFileReference;
			lastKnownFileType = sourcecode.cpp.objcpp;
			name = "include_juce_events 2.mm";
			path = "../../JuceLibraryCode/include_juce_events 2.mm";
			sourceTree = "SOURCE_ROOT";
		};
		F7FDE87533A7B896E65F2873 = {
			isa = PBXFileReference;
			lastKnownFileType = file;
			name = "juce_gui_basics";
			path = "/Users/walterkopacz/Desktop/JUCE/modules/juce_gui_basics";
			sourceTree = "<absolute>";
		};
		FDF4638F51C380AF4FB71A31 = {
			isa = PBXFileReference;
			lastKnownFileType = sourcecode.cpp.objcpp;
			name = "include_juce_audio_formats.mm";
			path = "../../JuceLibraryCode/include_juce_audio_formats.mm";
			sourceTree = "SOURCE_ROOT";
		};
		FE6AF12A68AE7B4586EAF924 = {
			isa = PBXFileReference;
			lastKnownFileType = wrapper.framework;
			name = QuartzCore.framework;
			path = System/Library/Frameworks/QuartzCore.framework;
			sourceTree = SDKROOT;
		};
		8B842842F1856770D96D9B42 = {
			isa = PBXGroup;
			children = (
				00FD4C49F4B8306BD96E1766,
				3CC337110E8F9D5AD2FAF64A,
				54244AA34D45EC2A8785F18A,
				7FA53CC96FEE24FB3D5113C5,
				8110201E30ECC0D705AF9548,
				56878876CF7794CE104F5E5A,
				AA9C0C3982C295B9ECF932EA,
			);
			name = Source;
			sourceTree = "<group>";
		};
		48531199230A01C1AD5637FF = {
			isa = PBXGroup;
			children = (
				8B842842F1856770D96D9B42,
			);
			name = "RecorderAttempt_2";
			sourceTree = "<group>";
		};
		527A5D229F14FA9AAA9ABC7F = {
			isa = PBXGroup;
			children = (
				7F4BE064207F1F8F956D981F,
				999B97DB6CB996C1E43F435E,
				23B067B0177333360596EBF0,
				70C275E03A0AFB51350D7D37,
				D11B8320817816A259CF3BFA,
				356B3A35AD5A0F6D5E940A76,
				DD0D343C414A3F2974670FF9,
				2FC2D40BCFE4BA7E55F92414,
				608A47D6F244BC1512BC96BB,
				F7FDE87533A7B896E65F2873,
				489FAE001B3BF2FE18A5A581,
			);
			name = "JUCE Modules";
			sourceTree = "<group>";
		};
		2B262FF3A50F338535FB4D70 = {
			isa = PBXGroup;
			children = (
				39C97181954D921AD4615802,
				C7E203D5164D96FCBB391C69,
				08DB379DD5071B9FD384BCB1,
				39AF6F3E888DB86D6C6C3370,
				0461780ED91AAC358C8A973B,
				FDF4638F51C380AF4FB71A31,
				63627C85BE0C10613FA209D4,
				0680B53CA2EA231C4CA40452,
				79F19FA39195490324571232,
				7832A9C0734DDC778E618229,
				53B871B5E636D6146A9DE487,
				29EF206F6074CE2F52917465,
				37A330361F974D29F42B68A3,
				A69885C1F0F36B334607A859,
				F4E21525B8BCD1F09B1ACD5E,
				0F1A78B9A5CA730D2C775E53,
				F0BE0CB600220D50B023AD14,
				B38745F76B56FFC4A633E1E1,
				C07FE35EBF1DA2274FA87999,
				65B8A680D8C37E80A09F8EF4,
				5D62D4163471AA80C9961A7F,
				9B54ED8C0FAF67868AA1DB15,
				C3F8193F002CD0FEB10D4417,
			);
			name = "JUCE Library Code";
			sourceTree = "<group>";
		};
		3216810E59B651BBEED21883 = {
			isa = PBXGroup;
			children = (
				9C97EFAB98B796AF757F90EE,
				2CC7DCE65C2A6901DD0314D1,
			);
			name = Resources;
			sourceTree = "<group>";
		};
		4B553D881096E641CBEE3BF6 = {
			isa = PBXGroup;
			children = (
				50D49238894CAF189BA50A40,
				1A2729FDFD17E8A9C06EC758,
				4D1987DD5BC6D320A3289A6C,
				C09756BA58606C7AD39FA317,
				BE27D38248A3F08D34ED381B,
				56EEE918C24937ACDE861E95,
				6E9B9F359A9653593BA8ADC2,
				E4D0A33E48F0E8B2B0CD2A51,
				1A588D7C0BBF49C6F47EB20A,
				FE6AF12A68AE7B4586EAF924,
				45D84FD84634499CE9D12B07,
			);
			name = Frameworks;
			sourceTree = "<group>";
		};
		1155DF6220F18084DDE84079 = {
			isa = PBXGroup;
			children = (
				2D0B1CDC3B799FB18A9818CB,
			);
			name = Products;
			sourceTree = "<group>";
		};
		F0896FDE924436F02462FC67 = {
			isa = PBXGroup;
			children = (
				48531199230A01C1AD5637FF,
				527A5D229F14FA9AAA9ABC7F,
				2B262FF3A50F338535FB4D70,
				3216810E59B651BBEED21883,
				4B553D881096E641CBEE3BF6,
				1155DF6220F18084DDE84079,
			);
			name = Source;
			sourceTree = "<group>";
		};
		7792826F15E9978E44C3DBBC = {
			isa = XCBuildConfiguration;
			buildSettings = {
				CLANG_CXX_LANGUAGE_STANDARD = "c++14";
				CLANG_CXX_LIBRARY = "libc++";
				CLANG_LINK_OBJC_RUNTIME = NO;
				CODE_SIGN_IDENTITY = "";
				COMBINE_HIDPI_IMAGES = YES;
				CONFIGURATION_BUILD_DIR = "$(PROJECT_DIR)/build/$(CONFIGURATION)";
				COPY_PHASE_STRIP = NO;
				GCC_DYNAMIC_NO_PIC = NO;
				GCC_OPTIMIZATION_LEVEL = 0;
				GCC_PREPROCESSOR_DEFINITIONS = (
					"_DEBUG=1",
					"DEBUG=1",
					"JUCER_XCODE_MAC_F6D2F4CF=1",
					"JUCE_APP_VERSION=1.0.0",
					"JUCE_APP_VERSION_HEX=0x10000",
					"JucePlugin_Build_VST=0",
					"JucePlugin_Build_VST3=0",
					"JucePlugin_Build_AU=0",
					"JucePlugin_Build_AUv3=0",
					"JucePlugin_Build_RTAS=0",
					"JucePlugin_Build_AAX=0",
					"JucePlugin_Build_Standalone=0",
					"JucePlugin_Build_Unity=0",
					"JUCE_DISPLAY_SPLASH_SCREEN=1",
					"JUCE_USE_DARK_SPLASH_SCREEN=1",
					"JUCE_PROJUCER_VERSION=0x60003",
					"JUCE_MODULE_AVAILABLE_juce_audio_basics=1",
					"JUCE_MODULE_AVAILABLE_juce_audio_devices=1",
					"JUCE_MODULE_AVAILABLE_juce_audio_formats=1",
					"JUCE_MODULE_AVAILABLE_juce_audio_processors=1",
					"JUCE_MODULE_AVAILABLE_juce_audio_utils=1",
					"JUCE_MODULE_AVAILABLE_juce_core=1",
					"JUCE_MODULE_AVAILABLE_juce_data_structures=1",
					"JUCE_MODULE_AVAILABLE_juce_events=1",
					"JUCE_MODULE_AVAILABLE_juce_graphics=1",
					"JUCE_MODULE_AVAILABLE_juce_gui_basics=1",
					"JUCE_MODULE_AVAILABLE_juce_gui_extra=1",
					"JUCE_GLOBAL_MODULE_SETTINGS_INCLUDED=1",
					"JUCE_STRICT_REFCOUNTEDPOINTER=1",
					"JUCE_STANDALONE_APPLICATION=1",
				);
				GCC_VERSION = com.apple.compilers.llvm.clang.1_0;
				HEADER_SEARCH_PATHS = (
					"../../JuceLibraryCode",
					"/Users/walterkopacz/Desktop/JUCE/modules",
					"$(inherited)",
				);
				INFOPLIST_FILE = Info-App.plist;
				INFOPLIST_PREPROCESS = NO;
				INSTALL_PATH = "$(HOME)/Applications";
				MACOSX_DEPLOYMENT_TARGET = 10.11;
				MTL_HEADER_SEARCH_PATHS = (
					"../../JuceLibraryCode",
					"/Users/walterkopacz/Desktop/JUCE/modules",
				);
				PRODUCT_BUNDLE_IDENTIFIER = com.yourcompany.RecorderAttempt_2;
				PRODUCT_NAME = "RecorderAttempt_2";
				USE_HEADERMAP = NO;
				VALID_ARCHS = "i386 x86_64 arm64 arm64e";
			};
			name = Debug;
		};
		C6B4492223841CC069F5BA00 = {
			isa = XCBuildConfiguration;
			buildSettings = {
				CLANG_CXX_LANGUAGE_STANDARD = "c++14";
				CLANG_CXX_LIBRARY = "libc++";
				CLANG_LINK_OBJC_RUNTIME = NO;
				CODE_SIGN_IDENTITY = "";
				COMBINE_HIDPI_IMAGES = YES;
				CONFIGURATION_BUILD_DIR = "$(PROJECT_DIR)/build/$(CONFIGURATION)";
				DEAD_CODE_STRIPPING = YES;
				GCC_GENERATE_DEBUGGING_SYMBOLS = NO;
				GCC_OPTIMIZATION_LEVEL = 3;
				GCC_PREPROCESSOR_DEFINITIONS = (
					"_NDEBUG=1",
					"NDEBUG=1",
					"JUCER_XCODE_MAC_F6D2F4CF=1",
					"JUCE_APP_VERSION=1.0.0",
					"JUCE_APP_VERSION_HEX=0x10000",
					"JucePlugin_Build_VST=0",
					"JucePlugin_Build_VST3=0",
					"JucePlugin_Build_AU=0",
					"JucePlugin_Build_AUv3=0",
					"JucePlugin_Build_RTAS=0",
					"JucePlugin_Build_AAX=0",
					"JucePlugin_Build_Standalone=0",
					"JucePlugin_Build_Unity=0",
					"JUCE_DISPLAY_SPLASH_SCREEN=1",
					"JUCE_USE_DARK_SPLASH_SCREEN=1",
					"JUCE_PROJUCER_VERSION=0x60003",
					"JUCE_MODULE_AVAILABLE_juce_audio_basics=1",
					"JUCE_MODULE_AVAILABLE_juce_audio_devices=1",
					"JUCE_MODULE_AVAILABLE_juce_audio_formats=1",
					"JUCE_MODULE_AVAILABLE_juce_audio_processors=1",
					"JUCE_MODULE_AVAILABLE_juce_audio_utils=1",
					"JUCE_MODULE_AVAILABLE_juce_core=1",
					"JUCE_MODULE_AVAILABLE_juce_data_structures=1",
					"JUCE_MODULE_AVAILABLE_juce_events=1",
					"JUCE_MODULE_AVAILABLE_juce_graphics=1",
					"JUCE_MODULE_AVAILABLE_juce_gui_basics=1",
					"JUCE_MODULE_AVAILABLE_juce_gui_extra=1",
					"JUCE_GLOBAL_MODULE_SETTINGS_INCLUDED=1",
					"JUCE_STRICT_REFCOUNTEDPOINTER=1",
					"JUCE_STANDALONE_APPLICATION=1",
				);
				GCC_VERSION = com.apple.compilers.llvm.clang.1_0;
				HEADER_SEARCH_PATHS = (
					"../../JuceLibraryCode",
					"/Users/walterkopacz/Desktop/JUCE/modules",
					"$(inherited)",
				);
				INFOPLIST_FILE = Info-App.plist;
				INFOPLIST_PREPROCESS = NO;
				INSTALL_PATH = "$(HOME)/Applications";
				LLVM_LTO = YES;
				MACOSX_DEPLOYMENT_TARGET = 10.11;
				MTL_HEADER_SEARCH_PATHS = (
					"../../JuceLibraryCode",
					"/Users/walterkopacz/Desktop/JUCE/modules",
				);
				PRODUCT_BUNDLE_IDENTIFIER = com.yourcompany.RecorderAttempt_2;
				PRODUCT_NAME = "RecorderAttempt_2";
				USE_HEADERMAP = NO;
				VALID_ARCHS = "i386 x86_64 arm64 arm64e";
			};
			name = Release;
		};
		C14581DC61C166E1C0567E15 = {
			isa = XCBuildConfiguration;
			buildSettings = {
				ALWAYS_SEARCH_USER_PATHS = NO;
				CLANG_ENABLE_OBJC_WEAK = YES;
				CLANG_WARN_BLOCK_CAPTURE_AUTORELEASING = YES;
				CLANG_WARN_BOOL_CONVERSION = YES;
				CLANG_WARN_COMMA = YES;
				CLANG_WARN_CONSTANT_CONVERSION = YES;
				CLANG_WARN_DEPRECATED_OBJC_IMPLEMENTATIONS = YES;
				CLANG_WARN_EMPTY_BODY = YES;
				CLANG_WARN_ENUM_CONVERSION = YES;
				CLANG_WARN_INFINITE_RECURSION = YES;
				CLANG_WARN_INT_CONVERSION = YES;
				CLANG_WARN_NON_LITERAL_NULL_CONVERSION = YES;
				CLANG_WARN_OBJC_IMPLICIT_RETAIN_SELF = YES;
				CLANG_WARN_OBJC_LITERAL_CONVERSION = YES;
				CLANG_WARN_RANGE_LOOP_ANALYSIS = YES;
				CLANG_WARN_STRICT_PROTOTYPES = YES;
				CLANG_WARN_SUSPICIOUS_MOVE = YES;
				CLANG_WARN_UNREACHABLE_CODE = YES;
				CLANG_WARN__DUPLICATE_METHOD_MATCH = YES;
				CODE_SIGN_IDENTITY = "";
				DEBUG_INFORMATION_FORMAT = dwarf;
				ENABLE_STRICT_OBJC_MSGSEND = YES;
				ENABLE_TESTABILITY = NO;
				GCC_C_LANGUAGE_STANDARD = c11;
				GCC_INLINES_ARE_PRIVATE_EXTERN = YES;
				GCC_MODEL_TUNING = G5;
				GCC_NO_COMMON_BLOCKS = YES;
				GCC_SYMBOLS_PRIVATE_EXTERN = YES;
				GCC_WARN_64_TO_32_BIT_CONVERSION = YES;
				GCC_WARN_ABOUT_RETURN_TYPE = YES;
				GCC_WARN_CHECK_SWITCH_STATEMENTS = YES;
				GCC_WARN_MISSING_PARENTHESES = YES;
				GCC_WARN_NON_VIRTUAL_DESTRUCTOR = YES;
				GCC_WARN_TYPECHECK_CALLS_TO_PRINTF = YES;
				GCC_WARN_UNDECLARED_SELECTOR = YES;
				GCC_WARN_UNINITIALIZED_AUTOS = YES;
				GCC_WARN_UNUSED_FUNCTION = YES;
				GCC_WARN_UNUSED_VARIABLE = YES;
				ONLY_ACTIVE_ARCH = YES;
				PRODUCT_NAME = "RecorderAttempt_2";
				SDKROOT = macosx;
				WARNING_CFLAGS = "-Wreorder";
				ZERO_LINK = NO;
			};
			name = Debug;
		};
		7ED1C6A52322C838DC3CFFD5 = {
			isa = XCBuildConfiguration;
			buildSettings = {
				ALWAYS_SEARCH_USER_PATHS = NO;
				CLANG_ENABLE_OBJC_WEAK = YES;
				CLANG_WARN_BLOCK_CAPTURE_AUTORELEASING = YES;
				CLANG_WARN_BOOL_CONVERSION = YES;
				CLANG_WARN_COMMA = YES;
				CLANG_WARN_CONSTANT_CONVERSION = YES;
				CLANG_WARN_DEPRECATED_OBJC_IMPLEMENTATIONS = YES;
				CLANG_WARN_EMPTY_BODY = YES;
				CLANG_WARN_ENUM_CONVERSION = YES;
				CLANG_WARN_INFINITE_RECURSION = YES;
				CLANG_WARN_INT_CONVERSION = YES;
				CLANG_WARN_NON_LITERAL_NULL_CONVERSION = YES;
				CLANG_WARN_OBJC_IMPLICIT_RETAIN_SELF = YES;
				CLANG_WARN_OBJC_LITERAL_CONVERSION = YES;
				CLANG_WARN_RANGE_LOOP_ANALYSIS = YES;
				CLANG_WARN_STRICT_PROTOTYPES = YES;
				CLANG_WARN_SUSPICIOUS_MOVE = YES;
				CLANG_WARN_UNREACHABLE_CODE = YES;
				CLANG_WARN__DUPLICATE_METHOD_MATCH = YES;
				CODE_SIGN_IDENTITY = "";
				DEBUG_INFORMATION_FORMAT = dwarf;
				ENABLE_STRICT_OBJC_MSGSEND = YES;
				ENABLE_TESTABILITY = NO;
				GCC_C_LANGUAGE_STANDARD = c11;
				GCC_INLINES_ARE_PRIVATE_EXTERN = YES;
				GCC_MODEL_TUNING = G5;
				GCC_NO_COMMON_BLOCKS = YES;
				GCC_SYMBOLS_PRIVATE_EXTERN = YES;
				GCC_WARN_64_TO_32_BIT_CONVERSION = YES;
				GCC_WARN_ABOUT_RETURN_TYPE = YES;
				GCC_WARN_CHECK_SWITCH_STATEMENTS = YES;
				GCC_WARN_MISSING_PARENTHESES = YES;
				GCC_WARN_NON_VIRTUAL_DESTRUCTOR = YES;
				GCC_WARN_TYPECHECK_CALLS_TO_PRINTF = YES;
				GCC_WARN_UNDECLARED_SELECTOR = YES;
				GCC_WARN_UNINITIALIZED_AUTOS = YES;
				GCC_WARN_UNUSED_FUNCTION = YES;
				GCC_WARN_UNUSED_VARIABLE = YES;
				PRODUCT_NAME = "RecorderAttempt_2";
				SDKROOT = macosx;
				WARNING_CFLAGS = "-Wreorder";
				ZERO_LINK = NO;
			};
			name = Release;
		};
		0F3210BF4402BF656D9A330A = {
			isa = XCConfigurationList;
			buildConfigurations = (
				C14581DC61C166E1C0567E15,
				7ED1C6A52322C838DC3CFFD5,
			);
			defaultConfigurationIsVisible = 0;
			defaultConfigurationName = Debug;
		};
		CAEA7FC03DE1F807944298D8 = {
			isa = XCConfigurationList;
			buildConfigurations = (
				7792826F15E9978E44C3DBBC,
				C6B4492223841CC069F5BA00,
			);
			defaultConfigurationIsVisible = 0;
			defaultConfigurationName = Debug;
		};
		18CBA5CCD96945E7589027A1 = {
			isa = PBXResourcesBuildPhase;
			buildActionMask = 2147483647;
			files = (
				FEC068F534E7EAF82E32069A,
			);
			runOnlyForDeploymentPostprocessing = 0;
		};
		F55A30B731AED3F02C59613D = {
			isa = PBXSourcesBuildPhase;
			buildActionMask = 2147483647;
			files = (
				DC7178BFF1B76E099A576DF2,
				FE7D4CCD7D5A73306B3281B9,
				04071B70E97C60C86D2ACE29,
				128D3D85E28F413FF25586D3,
				F28702E30D5246B746D0977F,
				88C505FD551AA322ACB81B0B,
				217370B3D6F4B5AFEF4F139D,
				44AE60C6ACF0CDCC851E9C41,
				6F3BD70A5D25D096012099A1,
				5496275572DD2CF1D3726D5B,
				CAFD37655390EAAE4A9DA95D,
				E3293CA1BD7ACF27EE6323FA,
				2113C5E7FA2C744DE691B944,
				8AB07B521683AFFEDE358520,
				D4DE51296EA9AA711603BC39,
				7621692862DABF0B28F4EA9F,
				3E618FA818AB87FC7AD33392,
				493ADA042863EE5AE651AD72,
				37A3F0FB3F97629D5177AD95,
				F9946ECBE0952473DFA0DF9C,
				F75158083E82ED9A648028BF,
				46C0CD99796A0A49B678D56C,
				F2742139A22706C7D5C08471,
				EE01B49D222854776270ED03,
				A5D93B433714F97A61C42D85,
				058BF4C70C5DE29413CFCC37,
			);
			runOnlyForDeploymentPostprocessing = 0;
		};
		6AF98761EA62E20442A89640 = {
			isa = PBXFrameworksBuildPhase;
			buildActionMask = 2147483647;
			files = (
				8E8DB224A00CB23288C84B86,
				8558A50779080E5ABC9D9E1D,
				D83251C86DC24654C79F1BAB,
				60BF3C26CE2AB4CBECFCCBB4,
				472BA217B80283C22FB52203,
				A413AAE6A80792253FBAB56C,
				A507C35688F9C9B906DFE670,
				F295858A2AB2F4055078B57C,
				1F8366C6E03406E62F45EA24,
				B1723A94B7D43828BDA9F558,
				A18F0DA4DB18D0FCC4BAEBA8,
			);
			runOnlyForDeploymentPostprocessing = 0;
		};
		7425EBC703C3243729912208 = {
			isa = PBXNativeTarget;
			buildConfigurationList = CAEA7FC03DE1F807944298D8;
			buildPhases = (
				18CBA5CCD96945E7589027A1,
				F55A30B731AED3F02C59613D,
				6AF98761EA62E20442A89640,
			);
			buildRules = ( );
			dependencies = ( );
			name = "RecorderAttempt_2 - App";
			productName = "RecorderAttempt_2";
			productReference = 2D0B1CDC3B799FB18A9818CB;
			productType = "com.apple.product-type.application";
		};
		18B4A975BD1664345F715EF1 = {
			isa = PBXProject;
			buildConfigurationList = 0F3210BF4402BF656D9A330A;
			attributes = { LastUpgradeCheck = 1200; ORGANIZATIONNAME = ""; TargetAttributes = { 7425EBC703C3243729912208 = { SystemCapabilities = {com.apple.ApplicationGroups.iOS = { enabled = 0; }; com.apple.InAppPurchase = { enabled = 0; }; com.apple.InterAppAudio = { enabled = 0; }; com.apple.Push = { enabled = 0; }; com.apple.Sandbox = { enabled = 0; }; com.apple.HardenedRuntime = { enabled = 0; }; }; }; }; };
			compatibilityVersion = "Xcode 3.2";
			hasScannedForEncodings = 0;
			mainGroup = F0896FDE924436F02462FC67;
			projectDirPath = "";
			projectRoot = "";
			targets = (7425EBC703C3243729912208);
			knownRegions = (en, Base);
		};
	};
	rootObject = 18B4A975BD1664345F715EF1;
}
